# THIS IS AN AUTOGENERATED FILE. DO NOT EDIT THIS FILE DIRECTLY.
# yarn lockfile v1


core-js@^3.6.4:
  version "3.6.5"
  resolved "https://registry.yarnpkg.com/core-js/-/core-js-3.6.5.tgz#7395dc273af37fb2e50e9bd3d9fe841285231d1a"
  integrity sha512-vZVEEwZoIsI+vPEuoF9Iqf5H7/M3eeQqWlQnYa8FSKKePuYTf5MWnxb5SDAzCa60b3JBRS5g9b+Dq7b1y/RCrA==

mlioe-ui@^0.2.1:
  version "0.2.1"
  resolved "https://registry.yarnpkg.com/mlioe-ui/-/mlioe-ui-0.2.1.tgz#f361f9150b49345b061fa3f2f8d7fa3108502e75"
  integrity sha512-fRqBXnhjYYSiy54d7p8dETddUX2Yg80/c2jFAvri/R8w6DkJn+KHM00H8lrm10tNP+XTNGxoiQq8o6ePgx5ylw==
  dependencies:
    core-js "^3.6.4"
    vue "^2.6.11"

vue@^2.6.11:
  version "2.6.11"
  resolved "https://registry.yarnpkg.com/vue/-/vue-2.6.11.tgz#76594d877d4b12234406e84e35275c6d514125c5"
  integrity sha512-VfPwgcGABbGAue9+sfrD4PuwFar7gPb1yl1UK1MwXoQPAw0BKSqWfoYCT/ThFrdEVWoI51dBuyCoiNU9bZDZxQ==
